
Microsoft Visual Studio Solution File, Format Version 12.00
# Visual Studio Version 16
VisualStudioVersion = 16.0.29209.62
MinimumVisualStudioVersion = 10.0.40219.1
Project("{FAE04EC0-301F-11D3-BF4B-00C04F79EFBC}") = "Facturation", "Facturation\Facturation.csproj", "{834410E7-09C6-46B3-8962-B1E88A52D7E0}"
EndProject
Project("{FAE04EC0-301F-11D3-BF4B-00C04F79EFBC}") = "Facturation.BO", "Facturation.BO\Facturation.BO.csproj", "{30BC4168-6477-44B0-A684-65F1831DE95D}"
EndProject
Project("{FAE04EC0-301F-11D3-BF4B-00C04F79EFBC}") = "Facturation.DAL", "Facturation.DAL\Facturation.DAL.csproj", "{A92AD248-9D46-43EE-AECF-87D475CE38DC}"
EndProject
Project("{FAE04EC0-301F-11D3-BF4B-00C04F79EFBC}") = "Facturation.BLL", "Facturation.BLL\Facturation.BLL.csproj", "{544409F9-D997-46FC-BA09-31ADF703A41D}"
EndProject
Project("{FAE04EC0-301F-11D3-BF4B-00C04F79EFBC}") = "Facturation.List", "Facturation.List\Facturation.List.csproj", "{CDE94C84-7F3C-4A72-B680-351937D72A9D}"
EndProject
Global
	GlobalSection(SolutionConfigurationPlatforms) = preSolution
		Debug|Any CPU = Debug|Any CPU
		Release|Any CPU = Release|Any CPU
	EndGlobalSection
	GlobalSection(ProjectConfigurationPlatforms) = postSolution
		{834410E7-09C6-46B3-8962-B1E88A52D7E0}.Debug|Any CPU.ActiveCfg = Debug|Any CPU
		{834410E7-09C6-46B3-8962-B1E88A52D7E0}.Debug|Any CPU.Build.0 = Debug|Any CPU
		{834410E7-09C6-46B3-8962-B1E88A52D7E0}.Release|Any CPU.ActiveCfg = Release|Any CPU
		{834410E7-09C6-46B3-8962-B1E88A52D7E0}.Release|Any CPU.Build.0 = Release|Any CPU
		{30BC4168-6477-44B0-A684-65F1831DE95D}.Debug|Any CPU.ActiveCfg = Debug|Any CPU
		{30BC4168-6477-44B0-A684-65F1831DE95D}.Debug|Any CPU.Build.0 = Debug|Any CPU
		{30BC4168-6477-44B0-A684-65F1831DE95D}.Release|Any CPU.ActiveCfg = Release|Any CPU
		{30BC4168-6477-44B0-A684-65F1831DE95D}.Release|Any CPU.Build.0 = Release|Any CPU
		{A92AD248-9D46-43EE-AECF-87D475CE38DC}.Debug|Any CPU.ActiveCfg = Debug|Any CPU
		{A92AD248-9D46-43EE-AECF-87D475CE38DC}.Debug|Any CPU.Build.0 = Debug|Any CPU
		{A92AD248-9D46-43EE-AECF-87D475CE38DC}.Release|Any CPU.ActiveCfg = Release|Any CPU
		{A92AD248-9D46-43EE-AECF-87D475CE38DC}.Release|Any CPU.Build.0 = Release|Any CPU
		{544409F9-D997-46FC-BA09-31ADF703A41D}.Debug|Any CPU.ActiveCfg = Debug|Any CPU
		{544409F9-D997-46FC-BA09-31ADF703A41D}.Debug|Any CPU.Build.0 = Debug|Any CPU
		{544409F9-D997-46FC-BA09-31ADF703A41D}.Release|Any CPU.ActiveCfg = Release|Any CPU
		{544409F9-D997-46FC-BA09-31ADF703A41D}.Release|Any CPU.Build.0 = Release|Any CPU
		{CDE94C84-7F3C-4A72-B680-351937D72A9D}.Debug|Any CPU.ActiveCfg = Debug|Any CPU
		{CDE94C84-7F3C-4A72-B680-351937D72A9D}.Debug|Any CPU.Build.0 = Debug|Any CPU
		{CDE94C84-7F3C-4A72-B680-351937D72A9D}.Release|Any CPU.ActiveCfg = Release|Any CPU
		{CDE94C84-7F3C-4A72-B680-351937D72A9D}.Release|Any CPU.Build.0 = Release|Any CPU
	EndGlobalSection
	GlobalSection(SolutionProperties) = preSolution
		HideSolutionNode = FALSE
	EndGlobalSection
	GlobalSection(ExtensibilityGlobals) = postSolution
		SolutionGuid = {F9D40358-47F9-43D7-97F0-ABDE1C1852E4}
	EndGlobalSection
EndGlobal
